// !$*UTF8*$!
{
	archiveVersion = 1;
	classes = {
	};
	objectVersion = 56;
	objects = {

/* Begin PBXBuildFile section */
		675B523A29D4969000861171 /* AppDelegate.swift in Sources */ = {isa = PBXBuildFile; fileRef = 675B523929D4969000861171 /* AppDelegate.swift */; };
		675B523C29D4969000861171 /* SceneDelegate.swift in Sources */ = {isa = PBXBuildFile; fileRef = 675B523B29D4969000861171 /* SceneDelegate.swift */; };
		675B523E29D4969000861171 /* RMTabViewController.swift in Sources */ = {isa = PBXBuildFile; fileRef = 675B523D29D4969000861171 /* RMTabViewController.swift */; };
		675B524329D4969100861171 /* Assets.xcassets in Resources */ = {isa = PBXBuildFile; fileRef = 675B524229D4969100861171 /* Assets.xcassets */; };
		675B524629D4969100861171 /* LaunchScreen.storyboard in Resources */ = {isa = PBXBuildFile; fileRef = 675B524429D4969100861171 /* LaunchScreen.storyboard */; };
		675B525529D4990F00861171 /* RMLocation.swift in Sources */ = {isa = PBXBuildFile; fileRef = 675B525429D4990F00861171 /* RMLocation.swift */; };
		675B525729D4992600861171 /* RMCharacter.swift in Sources */ = {isa = PBXBuildFile; fileRef = 675B525629D4992600861171 /* RMCharacter.swift */; };
		675B525929D4993800861171 /* RMEpisode.swift in Sources */ = {isa = PBXBuildFile; fileRef = 675B525829D4993800861171 /* RMEpisode.swift */; };
		675B525C29D499FD00861171 /* RMCharacterViewController.swift in Sources */ = {isa = PBXBuildFile; fileRef = 675B525B29D499FD00861171 /* RMCharacterViewController.swift */; };
		675B525E29D49A0800861171 /* RMLocationViewController.swift in Sources */ = {isa = PBXBuildFile; fileRef = 675B525D29D49A0800861171 /* RMLocationViewController.swift */; };
		675B526029D49A1200861171 /* RMEpisodeViewController.swift in Sources */ = {isa = PBXBuildFile; fileRef = 675B525F29D49A1200861171 /* RMEpisodeViewController.swift */; };
		675B526229D49A1C00861171 /* RMSettingsViewController.swift in Sources */ = {isa = PBXBuildFile; fileRef = 675B526129D49A1C00861171 /* RMSettingsViewController.swift */; };
		67B69EB129D5ADCB00ADE079 /* RMService.swift in Sources */ = {isa = PBXBuildFile; fileRef = 67B69EB029D5ADCB00ADE079 /* RMService.swift */; };
		67B69EB329D5ADDC00ADE079 /* RMRequest.swift in Sources */ = {isa = PBXBuildFile; fileRef = 67B69EB229D5ADDC00ADE079 /* RMRequest.swift */; };
		67B69EB529D5AE7D00ADE079 /* RMEndPoint.swift in Sources */ = {isa = PBXBuildFile; fileRef = 67B69EB429D5AE7D00ADE079 /* RMEndPoint.swift */; };
/* End PBXBuildFile section */

/* Begin PBXFileReference section */
		675B523629D4969000861171 /* Rick&Morty.app */ = {isa = PBXFileReference; explicitFileType = wrapper.application; includeInIndex = 0; path = "Rick&Morty.app"; sourceTree = BUILT_PRODUCTS_DIR; };
		675B523929D4969000861171 /* AppDelegate.swift */ = {isa = PBXFileReference; lastKnownFileType = sourcecode.swift; path = AppDelegate.swift; sourceTree = "<group>"; };
		675B523B29D4969000861171 /* SceneDelegate.swift */ = {isa = PBXFileReference; lastKnownFileType = sourcecode.swift; path = SceneDelegate.swift; sourceTree = "<group>"; };
		675B523D29D4969000861171 /* RMTabViewController.swift */ = {isa = PBXFileReference; lastKnownFileType = sourcecode.swift; path = RMTabViewController.swift; sourceTree = "<group>"; };
		675B524229D4969100861171 /* Assets.xcassets */ = {isa = PBXFileReference; lastKnownFileType = folder.assetcatalog; path = Assets.xcassets; sourceTree = "<group>"; };
		675B524529D4969100861171 /* Base */ = {isa = PBXFileReference; lastKnownFileType = file.storyboard; name = Base; path = Base.lproj/LaunchScreen.storyboard; sourceTree = "<group>"; };
		675B524729D4969100861171 /* Info.plist */ = {isa = PBXFileReference; lastKnownFileType = text.plist.xml; path = Info.plist; sourceTree = "<group>"; };
		675B525429D4990F00861171 /* RMLocation.swift */ = {isa = PBXFileReference; lastKnownFileType = sourcecode.swift; path = RMLocation.swift; sourceTree = "<group>"; };
		675B525629D4992600861171 /* RMCharacter.swift */ = {isa = PBXFileReference; lastKnownFileType = sourcecode.swift; path = RMCharacter.swift; sourceTree = "<group>"; };
		675B525829D4993800861171 /* RMEpisode.swift */ = {isa = PBXFileReference; lastKnownFileType = sourcecode.swift; path = RMEpisode.swift; sourceTree = "<group>"; };
		675B525B29D499FD00861171 /* RMCharacterViewController.swift */ = {isa = PBXFileReference; lastKnownFileType = sourcecode.swift; path = RMCharacterViewController.swift; sourceTree = "<group>"; };
		675B525D29D49A0800861171 /* RMLocationViewController.swift */ = {isa = PBXFileReference; lastKnownFileType = sourcecode.swift; path = RMLocationViewController.swift; sourceTree = "<group>"; };
		675B525F29D49A1200861171 /* RMEpisodeViewController.swift */ = {isa = PBXFileReference; lastKnownFileType = sourcecode.swift; path = RMEpisodeViewController.swift; sourceTree = "<group>"; };
		675B526129D49A1C00861171 /* RMSettingsViewController.swift */ = {isa = PBXFileReference; lastKnownFileType = sourcecode.swift; path = RMSettingsViewController.swift; sourceTree = "<group>"; };
		67B69EB029D5ADCB00ADE079 /* RMService.swift */ = {isa = PBXFileReference; lastKnownFileType = sourcecode.swift; path = RMService.swift; sourceTree = "<group>"; };
		67B69EB229D5ADDC00ADE079 /* RMRequest.swift */ = {isa = PBXFileReference; lastKnownFileType = sourcecode.swift; path = RMRequest.swift; sourceTree = "<group>"; };
		67B69EB429D5AE7D00ADE079 /* RMEndPoint.swift */ = {isa = PBXFileReference; lastKnownFileType = sourcecode.swift; path = RMEndPoint.swift; sourceTree = "<group>"; };
/* End PBXFileReference section */

/* Begin PBXFrameworksBuildPhase section */
		675B523329D4969000861171 /* Frameworks */ = {
			isa = PBXFrameworksBuildPhase;
			buildActionMask = 2147483647;
			files = (
			);
			runOnlyForDeploymentPostprocessing = 0;
		};
/* End PBXFrameworksBuildPhase section */

/* Begin PBXGroup section */
		675B522D29D4969000861171 = {
			isa = PBXGroup;
			children = (
				675B523829D4969000861171 /* Rick&Morty */,
				675B523729D4969000861171 /* Products */,
			);
			sourceTree = "<group>";
		};
		675B523729D4969000861171 /* Products */ = {
			isa = PBXGroup;
			children = (
				675B523629D4969000861171 /* Rick&Morty.app */,
			);
			name = Products;
			sourceTree = "<group>";
		};
		675B523829D4969000861171 /* Rick&Morty */ = {
			isa = PBXGroup;
			children = (
				675B525329D498A400861171 /* Resources */,
				675B525229D4989A00861171 /* Managers */,
				675B525129D4988F00861171 /* APIClient */,
				675B525029D4982E00861171 /* ViewModels */,
				675B524F29D4982600861171 /* Views */,
				675B524E29D4982000861171 /* Models */,
				675B524D29D4981700861171 /* Controllers */,
				675B524729D4969100861171 /* Info.plist */,
			);
			path = "Rick&Morty";
			sourceTree = "<group>";
		};
		675B524D29D4981700861171 /* Controllers */ = {
			isa = PBXGroup;
			children = (
				675B525A29D4999E00861171 /* Core */,
			);
			path = Controllers;
			sourceTree = "<group>";
		};
		675B524E29D4982000861171 /* Models */ = {
			isa = PBXGroup;
			children = (
				675B525429D4990F00861171 /* RMLocation.swift */,
				675B525629D4992600861171 /* RMCharacter.swift */,
				675B525829D4993800861171 /* RMEpisode.swift */,
			);
			path = Models;
			sourceTree = "<group>";
		};
		675B524F29D4982600861171 /* Views */ = {
			isa = PBXGroup;
			children = (
			);
			path = Views;
			sourceTree = "<group>";
		};
		675B525029D4982E00861171 /* ViewModels */ = {
			isa = PBXGroup;
			children = (
			);
			path = ViewModels;
			sourceTree = "<group>";
		};
		675B525129D4988F00861171 /* APIClient */ = {
			isa = PBXGroup;
			children = (
				67B69EB029D5ADCB00ADE079 /* RMService.swift */,
				67B69EB229D5ADDC00ADE079 /* RMRequest.swift */,
				67B69EB429D5AE7D00ADE079 /* RMEndPoint.swift */,
			);
			path = APIClient;
			sourceTree = "<group>";
		};
		675B525229D4989A00861171 /* Managers */ = {
			isa = PBXGroup;
			children = (
			);
			path = Managers;
			sourceTree = "<group>";
		};
		675B525329D498A400861171 /* Resources */ = {
			isa = PBXGroup;
			children = (
				675B524229D4969100861171 /* Assets.xcassets */,
				675B524429D4969100861171 /* LaunchScreen.storyboard */,
				675B523929D4969000861171 /* AppDelegate.swift */,
				675B523B29D4969000861171 /* SceneDelegate.swift */,
			);
			path = Resources;
			sourceTree = "<group>";
		};
		675B525A29D4999E00861171 /* Core */ = {
			isa = PBXGroup;
			children = (
				675B523D29D4969000861171 /* RMTabViewController.swift */,
				675B525B29D499FD00861171 /* RMCharacterViewController.swift */,
				675B525D29D49A0800861171 /* RMLocationViewController.swift */,
				675B525F29D49A1200861171 /* RMEpisodeViewController.swift */,
				675B526129D49A1C00861171 /* RMSettingsViewController.swift */,
			);
			path = Core;
			sourceTree = "<group>";
		};
/* End PBXGroup section */

/* Begin PBXNativeTarget section */
		675B523529D4969000861171 /* Rick&Morty */ = {
			isa = PBXNativeTarget;
			buildConfigurationList = 675B524A29D4969100861171 /* Build configuration list for PBXNativeTarget "Rick&Morty" */;
			buildPhases = (
				675B523229D4969000861171 /* Sources */,
				675B523329D4969000861171 /* Frameworks */,
				675B523429D4969000861171 /* Resources */,
			);
			buildRules = (
			);
			dependencies = (
			);
			name = "Rick&Morty";
			productName = "Rick&Morty";
			productReference = 675B523629D4969000861171 /* Rick&Morty.app */;
			productType = "com.apple.product-type.application";
		};
/* End PBXNativeTarget section */

/* Begin PBXProject section */
		675B522E29D4969000861171 /* Project object */ = {
			isa = PBXProject;
			attributes = {
				BuildIndependentTargetsInParallel = 1;
				LastSwiftUpdateCheck = 1420;
				LastUpgradeCheck = 1420;
				TargetAttributes = {
					675B523529D4969000861171 = {
						CreatedOnToolsVersion = 14.2;
					};
				};
			};
			buildConfigurationList = 675B523129D4969000861171 /* Build configuration list for PBXProject "Rick&Morty" */;
			compatibilityVersion = "Xcode 14.0";
			developmentRegion = en;
			hasScannedForEncodings = 0;
			knownRegions = (
				en,
				Base,
			);
			mainGroup = 675B522D29D4969000861171;
			productRefGroup = 675B523729D4969000861171 /* Products */;
			projectDirPath = "";
			projectRoot = "";
			targets = (
				675B523529D4969000861171 /* Rick&Morty */,
			);
		};
/* End PBXProject section */

/* Begin PBXResourcesBuildPhase section */
		675B523429D4969000861171 /* Resources */ = {
			isa = PBXResourcesBuildPhase;
			buildActionMask = 2147483647;
			files = (
				675B524629D4969100861171 /* LaunchScreen.storyboard in Resources */,
				675B524329D4969100861171 /* Assets.xcassets in Resources */,
			);
			runOnlyForDeploymentPostprocessing = 0;
		};
/* End PBXResourcesBuildPhase section */

/* Begin PBXSourcesBuildPhase section */
		675B523229D4969000861171 /* Sources */ = {
			isa = PBXSourcesBuildPhase;
			buildActionMask = 2147483647;
			files = (
				675B525E29D49A0800861171 /* RMLocationViewController.swift in Sources */,
				675B525929D4993800861171 /* RMEpisode.swift in Sources */,
				675B523E29D4969000861171 /* RMTabViewController.swift in Sources */,
				675B526029D49A1200861171 /* RMEpisodeViewController.swift in Sources */,
				675B523A29D4969000861171 /* AppDelegate.swift in Sources */,
				675B523C29D4969000861171 /* SceneDelegate.swift in Sources */,
				675B526229D49A1C00861171 /* RMSettingsViewController.swift in Sources */,
				67B69EB529D5AE7D00ADE079 /* RMEndPoint.swift in Sources */,
				67B69EB129D5ADCB00ADE079 /* RMService.swift in Sources */,
				675B525529D4990F00861171 /* RMLocation.swift in Sources */,
				675B525729D4992600861171 /* RMCharacter.swift in Sources */,
				67B69EB329D5ADDC00ADE079 /* RMRequest.swift in Sources */,
				675B525C29D499FD00861171 /* RMCharacterViewController.swift in Sources */,
			);
			runOnlyForDeploymentPostprocessing = 0;
		};
/* End PBXSourcesBuildPhase section */

/* Begin PBXVariantGroup section */
		675B524429D4969100861171 /* LaunchScreen.storyboard */ = {
			isa = PBXVariantGroup;
			children = (
				675B524529D4969100861171 /* Base */,
			);
			name = LaunchScreen.storyboard;
			sourceTree = "<group>";
		};
/* End PBXVariantGroup section */

/* Begin XCBuildConfiguration section */
		675B524829D4969100861171 /* Debug */ = {
			isa = XCBuildConfiguration;
			buildSettings = {
				ALWAYS_SEARCH_USER_PATHS = NO;
				CLANG_ANALYZER_NONNULL = YES;
				CLANG_ANALYZER_NUMBER_OBJECT_CONVERSION = YES_AGGRESSIVE;
				CLANG_CXX_LANGUAGE_STANDARD = "gnu++20";
				CLANG_ENABLE_MODULES = YES;
				CLANG_ENABLE_OBJC_ARC = YES;
				CLANG_ENABLE_OBJC_WEAK = YES;
				CLANG_WARN_BLOCK_CAPTURE_AUTORELEASING = YES;
				CLANG_WARN_BOOL_CONVERSION = YES;
				CLANG_WARN_COMMA = YES;
				CLANG_WARN_CONSTANT_CONVERSION = YES;
				CLANG_WARN_DEPRECATED_OBJC_IMPLEMENTATIONS = YES;
				CLANG_WARN_DIRECT_OBJC_ISA_USAGE = YES_ERROR;
				CLANG_WARN_DOCUMENTATION_COMMENTS = YES;
				CLANG_WARN_EMPTY_BODY = YES;
				CLANG_WARN_ENUM_CONVERSION = YES;
				CLANG_WARN_INFINITE_RECURSION = YES;
				CLANG_WARN_INT_CONVERSION = YES;
				CLANG_WARN_NON_LITERAL_NULL_CONVERSION = YES;
				CLANG_WARN_OBJC_IMPLICIT_RETAIN_SELF = YES;
				CLANG_WARN_OBJC_LITERAL_CONVERSION = YES;
				CLANG_WARN_OBJC_ROOT_CLASS = YES_ERROR;
				CLANG_WARN_QUOTED_INCLUDE_IN_FRAMEWORK_HEADER = YES;
				CLANG_WARN_RANGE_LOOP_ANALYSIS = YES;
				CLANG_WARN_STRICT_PROTOTYPES = YES;
				CLANG_WARN_SUSPICIOUS_MOVE = YES;
				CLANG_WARN_UNGUARDED_AVAILABILITY = YES_AGGRESSIVE;
				CLANG_WARN_UNREACHABLE_CODE = YES;
				CLANG_WARN__DUPLICATE_METHOD_MATCH = YES;
				COPY_PHASE_STRIP = NO;
				DEBUG_INFORMATION_FORMAT = dwarf;
				ENABLE_STRICT_OBJC_MSGSEND = YES;
				ENABLE_TESTABILITY = YES;
				GCC_C_LANGUAGE_STANDARD = gnu11;
				GCC_DYNAMIC_NO_PIC = NO;
				GCC_NO_COMMON_BLOCKS = YES;
				GCC_OPTIMIZATION_LEVEL = 0;
				GCC_PREPROCESSOR_DEFINITIONS = (
					"DEBUG=1",
					"$(inherited)",
				);
				GCC_WARN_64_TO_32_BIT_CONVERSION = YES;
				GCC_WARN_ABOUT_RETURN_TYPE = YES_ERROR;
				GCC_WARN_UNDECLARED_SELECTOR = YES;
				GCC_WARN_UNINITIALIZED_AUTOS = YES_AGGRESSIVE;
				GCC_WARN_UNUSED_FUNCTION = YES;
				GCC_WARN_UNUSED_VARIABLE = YES;
				IPHONEOS_DEPLOYMENT_TARGET = 16.2;
				MTL_ENABLE_DEBUG_INFO = INCLUDE_SOURCE;
				MTL_FAST_MATH = YES;
				ONLY_ACTIVE_ARCH = YES;
				SDKROOT = iphoneos;
				SWIFT_ACTIVE_COMPILATION_CONDITIONS = DEBUG;
				SWIFT_OPTIMIZATION_LEVEL = "-Onone";
			};
			name = Debug;
		};
		675B524929D4969100861171 /* Release */ = {
			isa = XCBuildConfiguration;
			buildSettings = {
				ALWAYS_SEARCH_USER_PATHS = NO;
				CLANG_ANALYZER_NONNULL = YES;
				CLANG_ANALYZER_NUMBER_OBJECT_CONVERSION = YES_AGGRESSIVE;
				CLANG_CXX_LANGUAGE_STANDARD = "gnu++20";
				CLANG_ENABLE_MODULES = YES;
				CLANG_ENABLE_OBJC_ARC = YES;
				CLANG_ENABLE_OBJC_WEAK = YES;
				CLANG_WARN_BLOCK_CAPTURE_AUTORELEASING = YES;
				CLANG_WARN_BOOL_CONVERSION = YES;
				CLANG_WARN_COMMA = YES;
				CLANG_WARN_CONSTANT_CONVERSION = YES;
				CLANG_WARN_DEPRECATED_OBJC_IMPLEMENTATIONS = YES;
				CLANG_WARN_DIRECT_OBJC_ISA_USAGE = YES_ERROR;
				CLANG_WARN_DOCUMENTATION_COMMENTS = YES;
				CLANG_WARN_EMPTY_BODY = YES;
				CLANG_WARN_ENUM_CONVERSION = YES;
				CLANG_WARN_INFINITE_RECURSION = YES;
				CLANG_WARN_INT_CONVERSION = YES;
				CLANG_WARN_NON_LITERAL_NULL_CONVERSION = YES;
				CLANG_WARN_OBJC_IMPLICIT_RETAIN_SELF = YES;
				CLANG_WARN_OBJC_LITERAL_CONVERSION = YES;
				CLANG_WARN_OBJC_ROOT_CLASS = YES_ERROR;
				CLANG_WARN_QUOTED_INCLUDE_IN_FRAMEWORK_HEADER = YES;
				CLANG_WARN_RANGE_LOOP_ANALYSIS = YES;
				CLANG_WARN_STRICT_PROTOTYPES = YES;
				CLANG_WARN_SUSPICIOUS_MOVE = YES;
				CLANG_WARN_UNGUARDED_AVAILABILITY = YES_AGGRESSIVE;
				CLANG_WARN_UNREACHABLE_CODE = YES;
				CLANG_WARN__DUPLICATE_METHOD_MATCH = YES;
				COPY_PHASE_STRIP = NO;
				DEBUG_INFORMATION_FORMAT = "dwarf-with-dsym";
				ENABLE_NS_ASSERTIONS = NO;
				ENABLE_STRICT_OBJC_MSGSEND = YES;
				GCC_C_LANGUAGE_STANDARD = gnu11;
				GCC_NO_COMMON_BLOCKS = YES;
				GCC_WARN_64_TO_32_BIT_CONVERSION = YES;
				GCC_WARN_ABOUT_RETURN_TYPE = YES_ERROR;
				GCC_WARN_UNDECLARED_SELECTOR = YES;
				GCC_WARN_UNINITIALIZED_AUTOS = YES_AGGRESSIVE;
				GCC_WARN_UNUSED_FUNCTION = YES;
				GCC_WARN_UNUSED_VARIABLE = YES;
				IPHONEOS_DEPLOYMENT_TARGET = 16.2;
				MTL_ENABLE_DEBUG_INFO = NO;
				MTL_FAST_MATH = YES;
				SDKROOT = iphoneos;
				SWIFT_COMPILATION_MODE = wholemodule;
				SWIFT_OPTIMIZATION_LEVEL = "-O";
				VALIDATE_PRODUCT = YES;
			};
			name = Release;
		};
		675B524B29D4969100861171 /* Debug */ = {
			isa = XCBuildConfiguration;
			buildSettings = {
				ASSETCATALOG_COMPILER_APPICON_NAME = AppIcon;
				ASSETCATALOG_COMPILER_GLOBAL_ACCENT_COLOR_NAME = AccentColor;
				CODE_SIGN_STYLE = Automatic;
				CURRENT_PROJECT_VERSION = 1;
				DEVELOPMENT_TEAM = GRTJ7YJ533;
				GENERATE_INFOPLIST_FILE = YES;
				INFOPLIST_FILE = "Rick&Morty/Info.plist";
				INFOPLIST_KEY_UIApplicationSupportsIndirectInputEvents = YES;
				INFOPLIST_KEY_UILaunchStoryboardName = LaunchScreen;
				INFOPLIST_KEY_UISupportedInterfaceOrientations_iPad = "UIInterfaceOrientationPortrait UIInterfaceOrientationPortraitUpsideDown UIInterfaceOrientationLandscapeLeft UIInterfaceOrientationLandscapeRight";
				INFOPLIST_KEY_UISupportedInterfaceOrientations_iPhone = "UIInterfaceOrientationPortrait UIInterfaceOrientationLandscapeLeft UIInterfaceOrientationLandscapeRight";
				LD_RUNPATH_SEARCH_PATHS = (
					"$(inherited)",
					"@executable_path/Frameworks",
				);
				MARKETING_VERSION = 1.0;
				PRODUCT_BUNDLE_IDENTIFIER = "co.johnwild.Rick-Morty";
				PRODUCT_NAME = "$(TARGET_NAME)";
				SWIFT_EMIT_LOC_STRINGS = YES;
				SWIFT_VERSION = 5.0;
				TARGETED_DEVICE_FAMILY = "1,2";
			};
			name = Debug;
		};
		675B524C29D4969100861171 /* Release */ = {
			isa = XCBuildConfiguration;
			buildSettings = {
				ASSETCATALOG_COMPILER_APPICON_NAME = AppIcon;
				ASSETCATALOG_COMPILER_GLOBAL_ACCENT_COLOR_NAME = AccentColor;
				CODE_SIGN_STYLE = Automatic;
				CURRENT_PROJECT_VERSION = 1;
				DEVELOPMENT_TEAM = GRTJ7YJ533;
				GENERATE_INFOPLIST_FILE = YES;
				INFOPLIST_FILE = "Rick&Morty/Info.plist";
				INFOPLIST_KEY_UIApplicationSupportsIndirectInputEvents = YES;
				INFOPLIST_KEY_UILaunchStoryboardName = LaunchScreen;
				INFOPLIST_KEY_UISupportedInterfaceOrientations_iPad = "UIInterfaceOrientationPortrait UIInterfaceOrientationPortraitUpsideDown UIInterfaceOrientationLandscapeLeft UIInterfaceOrientationLandscapeRight";
				INFOPLIST_KEY_UISupportedInterfaceOrientations_iPhone = "UIInterfaceOrientationPortrait UIInterfaceOrientationLandscapeLeft UIInterfaceOrientationLandscapeRight";
				LD_RUNPATH_SEARCH_PATHS = (
					"$(inherited)",
					"@executable_path/Frameworks",
				);
				MARKETING_VERSION = 1.0;
				PRODUCT_BUNDLE_IDENTIFIER = "co.johnwild.Rick-Morty";
				PRODUCT_NAME = "$(TARGET_NAME)";
				SWIFT_EMIT_LOC_STRINGS = YES;
				SWIFT_VERSION = 5.0;
				TARGETED_DEVICE_FAMILY = "1,2";
			};
			name = Release;
		};
/* End XCBuildConfiguration section */

/* Begin XCConfigurationList section */
		675B523129D4969000861171 /* Build configuration list for PBXProject "Rick&Morty" */ = {
			isa = XCConfigurationList;
			buildConfigurations = (
				675B524829D4969100861171 /* Debug */,
				675B524929D4969100861171 /* Release */,
			);
			defaultConfigurationIsVisible = 0;
			defaultConfigurationName = Release;
		};
		675B524A29D4969100861171 /* Build configuration list for PBXNativeTarget "Rick&Morty" */ = {
			isa = XCConfigurationList;
			buildConfigurations = (
				675B524B29D4969100861171 /* Debug */,
				675B524C29D4969100861171 /* Release */,
			);
			defaultConfigurationIsVisible = 0;
			defaultConfigurationName = Release;
		};
/* End XCConfigurationList section */
	};
	rootObject = 675B522E29D4969000861171 /* Project object */;
}
